
Microsoft Visual Studio Solution File, Format Version 12.00
Project("{2150E333-8FDC-42A3-9474-1A3956D46DE8}") = "Solution Items", "Solution Items", "{BF689E36-2A57-41EE-91BB-D039DE63EC8B}"
	ProjectSection(SolutionItems) = preProject
		compose.yaml = compose.yaml
	EndProjectSection
EndProject
Project("{2150E333-8FDC-42A3-9474-1A3956D46DE8}") = "src", "src", "{4EFB5108-A6AB-4A02-9E70-81801F54B6D5}"
EndProject
Project("{FAE04EC0-301F-11D3-BF4B-00C04F79EFBC}") = "RepoAnalisys.DTOs", "..\repoanalysis\repoanalysis-back\RepoAnalisys.DTOs\RepoAnalisys.DTOs.csproj", "{7C1A9AD4-326A-4AE0-B65A-037A5A98BE0E}"
EndProject
Project("{FAE04EC0-301F-11D3-BF4B-00C04F79EFBC}") = "RepoAnalysis.Application", "..\repoanalysis\repoanalysis-back\RepoAnalysis.Application\RepoAnalysis.Application.csproj", "{E6D5D469-86F9-4F12-ABF4-30FF0C55A49C}"
EndProject
Project("{FAE04EC0-301F-11D3-BF4B-00C04F79EFBC}") = "RepoAnalysis.Domain", "..\repoanalysis\repoanalysis-back\RepoAnalysis.Domain\RepoAnalysis.Domain.csproj", "{1B58E313-624D-4C20-A3F1-46AC951DEFAB}"
EndProject
Project("{FAE04EC0-301F-11D3-BF4B-00C04F79EFBC}") = "RepoAnalisys.Grpc", "RepoAnalisys.Grpc\RepoAnalisys.Grpc.csproj", "{05EDB4BD-4763-4CAB-827E-34837C740296}"
EndProject
Global
	GlobalSection(SolutionConfigurationPlatforms) = preSolution
		Debug|Any CPU = Debug|Any CPU
		Release|Any CPU = Release|Any CPU
	EndGlobalSection
	GlobalSection(ProjectConfigurationPlatforms) = postSolution
		{7C1A9AD4-326A-4AE0-B65A-037A5A98BE0E}.Debug|Any CPU.ActiveCfg = Debug|Any CPU
		{7C1A9AD4-326A-4AE0-B65A-037A5A98BE0E}.Debug|Any CPU.Build.0 = Debug|Any CPU
		{7C1A9AD4-326A-4AE0-B65A-037A5A98BE0E}.Release|Any CPU.ActiveCfg = Release|Any CPU
		{7C1A9AD4-326A-4AE0-B65A-037A5A98BE0E}.Release|Any CPU.Build.0 = Release|Any CPU
		{E6D5D469-86F9-4F12-ABF4-30FF0C55A49C}.Debug|Any CPU.ActiveCfg = Debug|Any CPU
		{E6D5D469-86F9-4F12-ABF4-30FF0C55A49C}.Debug|Any CPU.Build.0 = Debug|Any CPU
		{E6D5D469-86F9-4F12-ABF4-30FF0C55A49C}.Release|Any CPU.ActiveCfg = Release|Any CPU
		{E6D5D469-86F9-4F12-ABF4-30FF0C55A49C}.Release|Any CPU.Build.0 = Release|Any CPU
		{1B58E313-624D-4C20-A3F1-46AC951DEFAB}.Debug|Any CPU.ActiveCfg = Debug|Any CPU
		{1B58E313-624D-4C20-A3F1-46AC951DEFAB}.Debug|Any CPU.Build.0 = Debug|Any CPU
		{1B58E313-624D-4C20-A3F1-46AC951DEFAB}.Release|Any CPU.ActiveCfg = Release|Any CPU
		{1B58E313-624D-4C20-A3F1-46AC951DEFAB}.Release|Any CPU.Build.0 = Release|Any CPU
		{05EDB4BD-4763-4CAB-827E-34837C740296}.Debug|Any CPU.ActiveCfg = Debug|Any CPU
		{05EDB4BD-4763-4CAB-827E-34837C740296}.Debug|Any CPU.Build.0 = Debug|Any CPU
		{05EDB4BD-4763-4CAB-827E-34837C740296}.Release|Any CPU.ActiveCfg = Release|Any CPU
		{05EDB4BD-4763-4CAB-827E-34837C740296}.Release|Any CPU.Build.0 = Release|Any CPU
	EndGlobalSection
	GlobalSection(NestedProjects) = preSolution
		{7C1A9AD4-326A-4AE0-B65A-037A5A98BE0E} = {4EFB5108-A6AB-4A02-9E70-81801F54B6D5}
		{E6D5D469-86F9-4F12-ABF4-30FF0C55A49C} = {4EFB5108-A6AB-4A02-9E70-81801F54B6D5}
		{1B58E313-624D-4C20-A3F1-46AC951DEFAB} = {4EFB5108-A6AB-4A02-9E70-81801F54B6D5}
		{05EDB4BD-4763-4CAB-827E-34837C740296} = {4EFB5108-A6AB-4A02-9E70-81801F54B6D5}
	EndGlobalSection
EndGlobal
